{
  "version": 4,
  "terraform_version": "1.9.8",
  "serial": 3,
  "lineage": "a8cbd778-6920-ff02-b24d-9d1ac6ab5af0",
  "outputs": {},
  "resources": [
    {
      "mode": "managed",
      "type": "local_file",
      "name": "inventory",
      "provider": "provider[\"registry.terraform.io/hashicorp/local\"]",
      "instances": [
        {
          "schema_version": 0,
          "attributes": {
            "content": "region: eu-west-1\nservices: gateway, ledger, reporting\n",
            "content_base64": null,
            "content_base64sha256": "K5dv/iD1bMC5f2XUaK28TgWLFetIDDnm9X9RCyMU9bg=",
            "content_base64sha512": "96YCYviLB2qc+DtJ3q00rvQHJGyKDEC+bhP30UCrV9sRpPkVtKCmxhK0wlMXJV800QTiC8YztjsA0JuDlJJ+RQ==",
            "content_md5": "8f5540afb6e2ca929aec3330fb55e501",
            "content_sha1": "1f04e66ccb906c1fcec1e3ffd58716941ef69778",
            "content_sha256": "2b976ffe20f56cc0b97f65d468adbc4e058b15eb480c39e6f57f510b2314f5b8",
            "content_sha512": "f7a60262f88b076a9cf83b49dead34aef407246c8a0c40be6e13f7d140ab57db11a4f915b4a0a6c612b4c25317255f34d104e20bc633b63b00d09b8394927e45",
            "directory_permission": "0777",
            "file_permission": "0777",
            "filename": "out/inventory.txt",
            "id": "1f04e66ccb906c1fcec1e3ffd58716941ef69778",
            "sensitive_content": null,
            "source": null
          },
          "sensitive_attributes": [
            [
              {
                "type": "get_attr",
                "value": "sensitive_content"
              }
            ]
          ]
        }
      ]
    },
    {
      "mode": "managed",
      "type": "random_pet",
      "name": "deployment_id",
      "provider": "provider[\"registry.terraform.io/hashicorp/random\"]",
      "instances": [
        {
          "schema_version": 0,
          "attributes": {
            "id": "romantic-eagle",
            "keepers": null,
            "length": 2,
            "prefix": null,
            "separator": "-"
          },
          "sensitive_attributes": []
        }
      ]
    }
  ],
  "check_results": null
}
